
Microsoft Visual Studio Solution File, Format Version 12.00
# Visual Studio Version 17
VisualStudioVersion = 17.13.35818.85 d17.13
MinimumVisualStudioVersion = 10.0.40219.1
Project("{FAE04EC0-301F-11D3-BF4B-00C04F79EFBC}") = "tpmodul6_103022300121", "tpmodul6_103022300121.csproj", "{41AEE19F-B1E6-467B-BDC4-E55B83E7FDDF}"
EndProject
Global
	GlobalSection(SolutionConfigurationPlatforms) = preSolution
		Debug|Any CPU = Debug|Any CPU
		Release|Any CPU = Release|Any CPU
	EndGlobalSection
	GlobalSection(ProjectConfigurationPlatforms) = postSolution
		{41AEE19F-B1E6-467B-BDC4-E55B83E7FDDF}.Debug|Any CPU.ActiveCfg = Debug|Any CPU
		{41AEE19F-B1E6-467B-BDC4-E55B83E7FDDF}.Debug|Any CPU.Build.0 = Debug|Any CPU
		{41AEE19F-B1E6-467B-BDC4-E55B83E7FDDF}.Release|Any CPU.ActiveCfg = Release|Any CPU
		{41AEE19F-B1E6-467B-BDC4-E55B83E7FDDF}.Release|Any CPU.Build.0 = Release|Any CPU
	EndGlobalSection
	GlobalSection(SolutionProperties) = preSolution
		HideSolutionNode = FALSE
	EndGlobalSection
	GlobalSection(ExtensibilityGlobals) = postSolution
		SolutionGuid = {1745973B-3FB3-40ED-A958-00C026582B15}
	EndGlobalSection
EndGlobal
